# This file was autogenerated by Stack.
# You should not edit this file by hand.
# For more information, please see the documentation at:
#   https://docs.haskellstack.org/en/stable/lock_files

packages:
- completed:
    hackage: Chart-diagrams-1.9.3@sha256:63668daff044a79827b7edb265265a4a8237424abb8f808ad1fcbdb3d47e753d,1801
    pantry-tree:
      size: 934
      sha256: a22d6af342382f81988881de23dfab36cc6491ba46edb8697066f5dbde237635
  original:
    hackage: Chart-diagrams-1.9.3@sha256:63668daff044a79827b7edb265265a4a8237424abb8f808ad1fcbdb3d47e753d,1801
- completed:
    hackage: blaze-colonnade-1.2.2.1@sha256:b27601f0366b006e86ee33297a722fe33c94ac058e61d4eace387d132e656a21,1394
    pantry-tree:
      size: 279
      sha256: e1a52f56ec0cab647ec7af0d75bfbb45f09cccea4a8127996cb7b132bd73bd2c
  original:
    hackage: blaze-colonnade-1.2.2.1@sha256:b27601f0366b006e86ee33297a722fe33c94ac058e61d4eace387d132e656a21,1394
- completed:
    hackage: colonnade-1.2.0.2@sha256:e0b43a1fe4f87072f3f7cd9eaccdb790f7df8ceff5f73c3a4e242aba9337485f,2099
    pantry-tree:
      size: 327
      sha256: 2010fda4c4af2dd9da64786d9e902f387b6a9cb034eb6573d678e752deecc319
  original:
    hackage: colonnade-1.2.0.2@sha256:e0b43a1fe4f87072f3f7cd9eaccdb790f7df8ceff5f73c3a4e242aba9337485f,2099
- completed:
    hackage: optparse-applicative-0.15.1.0@sha256:29ff6146aabf54d46c4c8788e8d1eadaea27c94f6d360c690c5f6c93dac4b07e,4810
    pantry-tree:
      size: 2904
      sha256: 04ad3816bc580cbe0834d3d1f4729ddd386abfe31b43e5b14968885f636d1b0d
  original:
    hackage: optparse-applicative-0.15.1.0@sha256:29ff6146aabf54d46c4c8788e8d1eadaea27c94f6d360c690c5f6c93dac4b07e,4810
- completed:
    hackage: SVGFonts-1.7.0.1@sha256:1aac5ffd1a7c09317f92e9d31380d61eb96ce412b0dbd4e2d22c609c3d0be360,4039
    pantry-tree:
      size: 1836
      sha256: 69e91027b97050991ce3a1f360a9a63ce90be8c3661a5c3db184536485e645cf
  original:
    hackage: SVGFonts-1.7.0.1@sha256:1aac5ffd1a7c09317f92e9d31380d61eb96ce412b0dbd4e2d22c609c3d0be360,4039
- completed:
    hackage: diagrams-core-1.5.0@sha256:eae2e82ad2e5ddbbfc9875067a0810dc4ebf35549ca6d0018a536d94b3aa7bf1,2973
    pantry-tree:
      size: 2018
      sha256: 55a663e11c72359d0acedbc7e438f4cfbd5a9661525e464e2b42d746cbcd776d
  original:
    hackage: diagrams-core-1.5.0@sha256:eae2e82ad2e5ddbbfc9875067a0810dc4ebf35549ca6d0018a536d94b3aa7bf1,2973
- completed:
    hackage: diagrams-lib-1.4.4@sha256:1129be254377b926ce2e932113e4bd06256de878d163fbcbacacf1be97bdf3b0,8220
    pantry-tree:
      size: 11604
      sha256: a96099f5e6e4c3236dd2c2dd301e5498a1dd4b968a05dcec144c46eb53e6d912
  original:
    hackage: diagrams-lib-1.4.4@sha256:1129be254377b926ce2e932113e4bd06256de878d163fbcbacacf1be97bdf3b0,8220
- completed:
    hackage: diagrams-postscript-1.5@sha256:ea9ef970f653072cfde9715fad92481eedcc72a94da543c52a68ca33100902ab,2369
    pantry-tree:
      size: 480
      sha256: 18c9abaa057965a85174a6f884e850af37711ba55c708bbd6127384e0180e46b
  original:
    hackage: diagrams-postscript-1.5@sha256:ea9ef970f653072cfde9715fad92481eedcc72a94da543c52a68ca33100902ab,2369
- completed:
    hackage: diagrams-svg-1.4.3@sha256:407ff78cb7bd1f44c68b0059036186f17a281a053901e29d0139ab151e703247,3159
    pantry-tree:
      size: 475
      sha256: 53c2221ee415d9bfc2f0dd886b67b1edbfdb91f68e809b43cf0bb830fc870ad7
  original:
    hackage: diagrams-svg-1.4.3@sha256:407ff78cb7bd1f44c68b0059036186f17a281a053901e29d0139ab151e703247,3159
- completed:
    hackage: svg-builder-0.1.1@sha256:22de54d326a6b6912e461e1302edb9108b02aac0b6a6368fcdc3c4a224d487fd,1440
    pantry-tree:
      size: 535
      sha256: 677ee9598c5dedb3ef8959c26a6c65f29b3e1e3c5e83433921aef17d86a22d50
  original:
    hackage: svg-builder-0.1.1@sha256:22de54d326a6b6912e461e1302edb9108b02aac0b6a6368fcdc3c4a224d487fd,1440
- completed:
    hackage: active-0.2.0.15@sha256:22e235aefdd47121db743e138d309d7529b0eea545f9add8c113ce8f15ccf83e,1767
    pantry-tree:
      size: 1017
      sha256: 6a85d5f65421c1cff60e19d84acd52d077a674212ed00cbc036b4dc68ebd72e3
  original:
    hackage: active-0.2.0.15@sha256:22e235aefdd47121db743e138d309d7529b0eea545f9add8c113ce8f15ccf83e,1767
- completed:
    hackage: dual-tree-0.2.3.0@sha256:bba5476c1cefc3802708a72ab22b5eab9e182cc065507f4a1f673ebdfc694bad,2884
    pantry-tree:
      size: 387
      sha256: de4db590b1d73eaeb2c39b9cdea9b83f99adc81841b74da61548568b02143a52
  original:
    hackage: dual-tree-0.2.3.0@sha256:bba5476c1cefc3802708a72ab22b5eab9e182cc065507f4a1f673ebdfc694bad,2884
- completed:
    hackage: monoid-extras-0.6.1@sha256:15312b3ed40481fc879fc7021857421794403763325d5c05b8536198012170b1,2197
    pantry-tree:
      size: 1187
      sha256: 0baa6b12d8bbc9872d91f5dca7738759e3bd79bf719d1e94b96470fc1dda23b6
  original:
    hackage: monoid-extras-0.6.1@sha256:15312b3ed40481fc879fc7021857421794403763325d5c05b8536198012170b1,2197
- completed:
    hackage: statestack-0.3@sha256:be43ce2cd790a4732b88cdc9480458503cb5e307b4f79a502d99d5b3d417730e,1135
    pantry-tree:
      size: 272
      sha256: ea567f5e40bda7ec0896394e386ab82ad48d5dc332b4bd9f3191b2d615dc126d
  original:
    hackage: statestack-0.3@sha256:be43ce2cd790a4732b88cdc9480458503cb5e307b4f79a502d99d5b3d417730e,1135
snapshots:
- completed:
    size: 586296
    url: https://raw.githubusercontent.com/commercialhaskell/stackage-snapshots/master/lts/18/18.yaml
    sha256: 63539429076b7ebbab6daa7656cfb079393bf644971156dc349d7c0453694ac2
  original:
    url: https://raw.githubusercontent.com/commercialhaskell/stackage-snapshots/master/lts/18/18.yaml
